
Microsoft Visual Studio Solution File, Format Version 12.00
# Visual Studio Version 17
VisualStudioVersion = 17.11.35312.102
MinimumVisualStudioVersion = 10.0.40219.1
Project("{9A19103F-16F7-4668-BE54-9A1E7A4F7556}") = "Galery", "Galery\Galery.csproj", "{A9073133-2FAF-4FE7-9BA0-7DD1D212EF3A}"
EndProject
Global
	GlobalSection(SolutionConfigurationPlatforms) = preSolution
		Debug|Any CPU = Debug|Any CPU
		Release|Any CPU = Release|Any CPU
	EndGlobalSection
	GlobalSection(ProjectConfigurationPlatforms) = postSolution
		{A9073133-2FAF-4FE7-9BA0-7DD1D212EF3A}.Debug|Any CPU.ActiveCfg = Debug|Any CPU
		{A9073133-2FAF-4FE7-9BA0-7DD1D212EF3A}.Debug|Any CPU.Build.0 = Debug|Any CPU
		{A9073133-2FAF-4FE7-9BA0-7DD1D212EF3A}.Release|Any CPU.ActiveCfg = Release|Any CPU
		{A9073133-2FAF-4FE7-9BA0-7DD1D212EF3A}.Release|Any CPU.Build.0 = Release|Any CPU
	EndGlobalSection
	GlobalSection(SolutionProperties) = preSolution
		HideSolutionNode = FALSE
	EndGlobalSection
	GlobalSection(ExtensibilityGlobals) = postSolution
		SolutionGuid = {BACDA315-2B9E-458C-A5E8-496D156800F7}
	EndGlobalSection
EndGlobal
